// !$*UTF8*$!
{
	archiveVersion = 1;
	classes = {
	};
	objectVersion = 48;
	objects = {

/* Begin PBXBuildFile section */
		1600A6A6205BAE30003733F2 /* Cell.swift in Sources */ = {isa = PBXBuildFile; fileRef = 1600A6A5205BAE2F003733F2 /* Cell.swift */; };
		1600A6A8205BAE4A003733F2 /* TableViewController.swift in Sources */ = {isa = PBXBuildFile; fileRef = 1600A6A7205BAE4A003733F2 /* TableViewController.swift */; };
		1672DC1420A9509300A6BEA6 /* CameraManager.swift in Sources */ = {isa = PBXBuildFile; fileRef = 1672DC1320A9509300A6BEA6 /* CameraManager.swift */; };
		1676C2FD20A18B8100D1E90D /* Extensions.swift in Sources */ = {isa = PBXBuildFile; fileRef = 1676C2FC20A18B8100D1E90D /* Extensions.swift */; };
		167DD24620C6CF10001A96E4 /* Navigator.swift in Sources */ = {isa = PBXBuildFile; fileRef = 167DD24520C6CF10001A96E4 /* Navigator.swift */; };
		167DEA2D20C503C5005F7591 /* CommentViewController.swift in Sources */ = {isa = PBXBuildFile; fileRef = 167DEA2C20C503C5005F7591 /* CommentViewController.swift */; };
		168A26302085B3BA004582A6 /* LoginViewController.swift in Sources */ = {isa = PBXBuildFile; fileRef = 168A262F2085B3BA004582A6 /* LoginViewController.swift */; };
		168A26322085BDB2004582A6 /* CreateAccountController.swift in Sources */ = {isa = PBXBuildFile; fileRef = 168A26312085BDB2004582A6 /* CreateAccountController.swift */; };
		16937FB420A01509002489A8 /* Geolocalization.swift in Sources */ = {isa = PBXBuildFile; fileRef = 16937FB320A01509002489A8 /* Geolocalization.swift */; };
		1696B6BE20EBCEB90024FFF7 /* MessageViewController.swift in Sources */ = {isa = PBXBuildFile; fileRef = 1696B6BD20EBCEB90024FFF7 /* MessageViewController.swift */; };
		16BDA4EF2058E30700C9B015 /* AppDelegate.swift in Sources */ = {isa = PBXBuildFile; fileRef = 16BDA4EE2058E30700C9B015 /* AppDelegate.swift */; };
		16BDA4F12058E30700C9B015 /* MainViewController.swift in Sources */ = {isa = PBXBuildFile; fileRef = 16BDA4F02058E30700C9B015 /* MainViewController.swift */; };
		16BDA4F42058E30700C9B015 /* Main.storyboard in Resources */ = {isa = PBXBuildFile; fileRef = 16BDA4F22058E30700C9B015 /* Main.storyboard */; };
		16BDA4F62058E30700C9B015 /* Assets.xcassets in Resources */ = {isa = PBXBuildFile; fileRef = 16BDA4F52058E30700C9B015 /* Assets.xcassets */; };
		16BDA4F92058E30700C9B015 /* LaunchScreen.storyboard in Resources */ = {isa = PBXBuildFile; fileRef = 16BDA4F72058E30700C9B015 /* LaunchScreen.storyboard */; };
		16BDA5042058E30700C9B015 /* ReportAppTests.swift in Sources */ = {isa = PBXBuildFile; fileRef = 16BDA5032058E30700C9B015 /* ReportAppTests.swift */; };
		16BDA50F2058E30700C9B015 /* ReportAppUITests.swift in Sources */ = {isa = PBXBuildFile; fileRef = 16BDA50E2058E30700C9B015 /* ReportAppUITests.swift */; };
		16CD1DEE20A1F15900509764 /* Structs.swift in Sources */ = {isa = PBXBuildFile; fileRef = 16CD1DED20A1F15900509764 /* Structs.swift */; };
		16DB107D20DD32630003C8F5 /* FakeSplashViewController.swift in Sources */ = {isa = PBXBuildFile; fileRef = 16DB107C20DD32630003C8F5 /* FakeSplashViewController.swift */; };
		16DB107F20DD5C210003C8F5 /* SettingsViewController.swift in Sources */ = {isa = PBXBuildFile; fileRef = 16DB107E20DD5C210003C8F5 /* SettingsViewController.swift */; };
		16F26EA72099765B0074E13B /* WebService.swift in Sources */ = {isa = PBXBuildFile; fileRef = 16F26EA62099765B0074E13B /* WebService.swift */; };
		38A432342D663B7FF80726D6 /* Pods_ReportAppTests.framework in Frameworks */ = {isa = PBXBuildFile; fileRef = C60BF619509FA9ED5E45D63C /* Pods_ReportAppTests.framework */; };
		CEB7D60E4935F68EABA7B8F0 /* Pods_ReportApp.framework in Frameworks */ = {isa = PBXBuildFile; fileRef = 4D146B2E437EB6DE447080B3 /* Pods_ReportApp.framework */; };
		D4B169875027C9C35EBDCBEE /* Pods_ReportAppUITests.framework in Frameworks */ = {isa = PBXBuildFile; fileRef = 73CCDE48AEA240B78142F038 /* Pods_ReportAppUITests.framework */; };
/* End PBXBuildFile section */

/* Begin PBXContainerItemProxy section */
		16BDA5002058E30700C9B015 /* PBXContainerItemProxy */ = {
			isa = PBXContainerItemProxy;
			containerPortal = 16BDA4E32058E30600C9B015 /* Project object */;
			proxyType = 1;
			remoteGlobalIDString = 16BDA4EA2058E30600C9B015;
			remoteInfo = ReportApp;
		};
		16BDA50B2058E30700C9B015 /* PBXContainerItemProxy */ = {
			isa = PBXContainerItemProxy;
			containerPortal = 16BDA4E32058E30600C9B015 /* Project object */;
			proxyType = 1;
			remoteGlobalIDString = 16BDA4EA2058E30600C9B015;
			remoteInfo = ReportApp;
		};
/* End PBXContainerItemProxy section */

/* Begin PBXFileReference section */
		04DAF5122C9D819F5406D910 /* Pods-ReportAppUITests.debug.xcconfig */ = {isa = PBXFileReference; includeInIndex = 1; lastKnownFileType = text.xcconfig; name = "Pods-ReportAppUITests.debug.xcconfig"; path = "Pods/Target Support Files/Pods-ReportAppUITests/Pods-ReportAppUITests.debug.xcconfig"; sourceTree = "<group>"; };
		1600A6A5205BAE2F003733F2 /* Cell.swift */ = {isa = PBXFileReference; lastKnownFileType = sourcecode.swift; path = Cell.swift; sourceTree = "<group>"; };
		1600A6A7205BAE4A003733F2 /* TableViewController.swift */ = {isa = PBXFileReference; lastKnownFileType = sourcecode.swift; path = TableViewController.swift; sourceTree = "<group>"; };
		1672DC1320A9509300A6BEA6 /* CameraManager.swift */ = {isa = PBXFileReference; lastKnownFileType = sourcecode.swift; path = CameraManager.swift; sourceTree = "<group>"; };
		1676C2FC20A18B8100D1E90D /* Extensions.swift */ = {isa = PBXFileReference; lastKnownFileType = sourcecode.swift; path = Extensions.swift; sourceTree = "<group>"; };
		167DD24520C6CF10001A96E4 /* Navigator.swift */ = {isa = PBXFileReference; lastKnownFileType = sourcecode.swift; path = Navigator.swift; sourceTree = "<group>"; };
		167DEA2C20C503C5005F7591 /* CommentViewController.swift */ = {isa = PBXFileReference; lastKnownFileType = sourcecode.swift; path = CommentViewController.swift; sourceTree = "<group>"; };
		168A262F2085B3BA004582A6 /* LoginViewController.swift */ = {isa = PBXFileReference; lastKnownFileType = sourcecode.swift; path = LoginViewController.swift; sourceTree = "<group>"; };
		168A26312085BDB2004582A6 /* CreateAccountController.swift */ = {isa = PBXFileReference; lastKnownFileType = sourcecode.swift; path = CreateAccountController.swift; sourceTree = "<group>"; };
		16937FB320A01509002489A8 /* Geolocalization.swift */ = {isa = PBXFileReference; lastKnownFileType = sourcecode.swift; path = Geolocalization.swift; sourceTree = "<group>"; };
		1696B6BD20EBCEB90024FFF7 /* MessageViewController.swift */ = {isa = PBXFileReference; lastKnownFileType = sourcecode.swift; path = MessageViewController.swift; sourceTree = "<group>"; };
		16BDA4EB2058E30700C9B015 /* ReportApp.app */ = {isa = PBXFileReference; explicitFileType = wrapper.application; includeInIndex = 0; path = ReportApp.app; sourceTree = BUILT_PRODUCTS_DIR; };
		16BDA4EE2058E30700C9B015 /* AppDelegate.swift */ = {isa = PBXFileReference; lastKnownFileType = sourcecode.swift; path = AppDelegate.swift; sourceTree = "<group>"; };
		16BDA4F02058E30700C9B015 /* MainViewController.swift */ = {isa = PBXFileReference; lastKnownFileType = sourcecode.swift; path = MainViewController.swift; sourceTree = "<group>"; };
		16BDA4F32058E30700C9B015 /* Base */ = {isa = PBXFileReference; lastKnownFileType = file.storyboard; name = Base; path = Base.lproj/Main.storyboard; sourceTree = "<group>"; };
		16BDA4F52058E30700C9B015 /* Assets.xcassets */ = {isa = PBXFileReference; lastKnownFileType = folder.assetcatalog; path = Assets.xcassets; sourceTree = "<group>"; };
		16BDA4F82058E30700C9B015 /* Base */ = {isa = PBXFileReference; lastKnownFileType = file.storyboard; name = Base; path = Base.lproj/LaunchScreen.storyboard; sourceTree = "<group>"; };
		16BDA4FA2058E30700C9B015 /* Info.plist */ = {isa = PBXFileReference; lastKnownFileType = text.plist.xml; path = Info.plist; sourceTree = "<group>"; };
		16BDA4FF2058E30700C9B015 /* ReportAppTests.xctest */ = {isa = PBXFileReference; explicitFileType = wrapper.cfbundle; includeInIndex = 0; path = ReportAppTests.xctest; sourceTree = BUILT_PRODUCTS_DIR; };
		16BDA5032058E30700C9B015 /* ReportAppTests.swift */ = {isa = PBXFileReference; lastKnownFileType = sourcecode.swift; path = ReportAppTests.swift; sourceTree = "<group>"; };
		16BDA5052058E30700C9B015 /* Info.plist */ = {isa = PBXFileReference; lastKnownFileType = text.plist.xml; path = Info.plist; sourceTree = "<group>"; };
		16BDA50A2058E30700C9B015 /* ReportAppUITests.xctest */ = {isa = PBXFileReference; explicitFileType = wrapper.cfbundle; includeInIndex = 0; path = ReportAppUITests.xctest; sourceTree = BUILT_PRODUCTS_DIR; };
		16BDA50E2058E30700C9B015 /* ReportAppUITests.swift */ = {isa = PBXFileReference; lastKnownFileType = sourcecode.swift; path = ReportAppUITests.swift; sourceTree = "<group>"; };
		16BDA5102058E30700C9B015 /* Info.plist */ = {isa = PBXFileReference; lastKnownFileType = text.plist.xml; path = Info.plist; sourceTree = "<group>"; };
		16CD1DED20A1F15900509764 /* Structs.swift */ = {isa = PBXFileReference; lastKnownFileType = sourcecode.swift; path = Structs.swift; sourceTree = "<group>"; };
		16DB107C20DD32630003C8F5 /* FakeSplashViewController.swift */ = {isa = PBXFileReference; lastKnownFileType = sourcecode.swift; path = FakeSplashViewController.swift; sourceTree = "<group>"; };
		16DB107E20DD5C210003C8F5 /* SettingsViewController.swift */ = {isa = PBXFileReference; lastKnownFileType = sourcecode.swift; path = SettingsViewController.swift; sourceTree = "<group>"; };
		16F26EA62099765B0074E13B /* WebService.swift */ = {isa = PBXFileReference; lastKnownFileType = sourcecode.swift; path = WebService.swift; sourceTree = "<group>"; };
		372512FDAD5ABDDA0EFDF2E7 /* Pods-ReportAppTests.release.xcconfig */ = {isa = PBXFileReference; includeInIndex = 1; lastKnownFileType = text.xcconfig; name = "Pods-ReportAppTests.release.xcconfig"; path = "Pods/Target Support Files/Pods-ReportAppTests/Pods-ReportAppTests.release.xcconfig"; sourceTree = "<group>"; };
		4D146B2E437EB6DE447080B3 /* Pods_ReportApp.framework */ = {isa = PBXFileReference; explicitFileType = wrapper.framework; includeInIndex = 0; path = Pods_ReportApp.framework; sourceTree = BUILT_PRODUCTS_DIR; };
		73CCDE48AEA240B78142F038 /* Pods_ReportAppUITests.framework */ = {isa = PBXFileReference; explicitFileType = wrapper.framework; includeInIndex = 0; path = Pods_ReportAppUITests.framework; sourceTree = BUILT_PRODUCTS_DIR; };
		75E4EFC46CA8E20A20E4D834 /* Pods-ReportApp.debug.xcconfig */ = {isa = PBXFileReference; includeInIndex = 1; lastKnownFileType = text.xcconfig; name = "Pods-ReportApp.debug.xcconfig"; path = "Pods/Target Support Files/Pods-ReportApp/Pods-ReportApp.debug.xcconfig"; sourceTree = "<group>"; };
		7AD0D089DF68D48B62BEA79C /* Pods-ReportAppTests.debug.xcconfig */ = {isa = PBXFileReference; includeInIndex = 1; lastKnownFileType = text.xcconfig; name = "Pods-ReportAppTests.debug.xcconfig"; path = "Pods/Target Support Files/Pods-ReportAppTests/Pods-ReportAppTests.debug.xcconfig"; sourceTree = "<group>"; };
		C60BF619509FA9ED5E45D63C /* Pods_ReportAppTests.framework */ = {isa = PBXFileReference; explicitFileType = wrapper.framework; includeInIndex = 0; path = Pods_ReportAppTests.framework; sourceTree = BUILT_PRODUCTS_DIR; };
		CD2487CD4EB94C64A4C88DF0 /* Pods-ReportAppUITests.release.xcconfig */ = {isa = PBXFileReference; includeInIndex = 1; lastKnownFileType = text.xcconfig; name = "Pods-ReportAppUITests.release.xcconfig"; path = "Pods/Target Support Files/Pods-ReportAppUITests/Pods-ReportAppUITests.release.xcconfig"; sourceTree = "<group>"; };
		DB1E7101D28D372D6328538C /* Pods-ReportApp.release.xcconfig */ = {isa = PBXFileReference; includeInIndex = 1; lastKnownFileType = text.xcconfig; name = "Pods-ReportApp.release.xcconfig"; path = "Pods/Target Support Files/Pods-ReportApp/Pods-ReportApp.release.xcconfig"; sourceTree = "<group>"; };
/* End PBXFileReference section */

/* Begin PBXFrameworksBuildPhase section */
		16BDA4E82058E30600C9B015 /* Frameworks */ = {
			isa = PBXFrameworksBuildPhase;
			buildActionMask = 2147483647;
			files = (
				CEB7D60E4935F68EABA7B8F0 /* Pods_ReportApp.framework in Frameworks */,
			);
			runOnlyForDeploymentPostprocessing = 0;
		};
		16BDA4FC2058E30700C9B015 /* Frameworks */ = {
			isa = PBXFrameworksBuildPhase;
			buildActionMask = 2147483647;
			files = (
				38A432342D663B7FF80726D6 /* Pods_ReportAppTests.framework in Frameworks */,
			);
			runOnlyForDeploymentPostprocessing = 0;
		};
		16BDA5072058E30700C9B015 /* Frameworks */ = {
			isa = PBXFrameworksBuildPhase;
			buildActionMask = 2147483647;
			files = (
				D4B169875027C9C35EBDCBEE /* Pods_ReportAppUITests.framework in Frameworks */,
			);
			runOnlyForDeploymentPostprocessing = 0;
		};
/* End PBXFrameworksBuildPhase section */

/* Begin PBXGroup section */
		168A262D2085B089004582A6 /* Controllers */ = {
			isa = PBXGroup;
			children = (
				16BDA4F02058E30700C9B015 /* MainViewController.swift */,
				168A262F2085B3BA004582A6 /* LoginViewController.swift */,
				168A26312085BDB2004582A6 /* CreateAccountController.swift */,
				1600A6A7205BAE4A003733F2 /* TableViewController.swift */,
				167DEA2C20C503C5005F7591 /* CommentViewController.swift */,
				1696B6BD20EBCEB90024FFF7 /* MessageViewController.swift */,
				16DB107C20DD32630003C8F5 /* FakeSplashViewController.swift */,
				16DB107E20DD5C210003C8F5 /* SettingsViewController.swift */,
			);
			path = Controllers;
			sourceTree = "<group>";
		};
		168A262E2085B0AA004582A6 /* Storyboards */ = {
			isa = PBXGroup;
			children = (
				16BDA4F72058E30700C9B015 /* LaunchScreen.storyboard */,
				16BDA4F22058E30700C9B015 /* Main.storyboard */,
			);
			path = Storyboards;
			sourceTree = "<group>";
		};
		16937FB220A014E8002489A8 /* Utils */ = {
			isa = PBXGroup;
			children = (
				16937FB320A01509002489A8 /* Geolocalization.swift */,
				1676C2FC20A18B8100D1E90D /* Extensions.swift */,
				16CD1DED20A1F15900509764 /* Structs.swift */,
				1672DC1320A9509300A6BEA6 /* CameraManager.swift */,
				167DD24520C6CF10001A96E4 /* Navigator.swift */,
			);
			path = Utils;
			sourceTree = "<group>";
		};
		16BDA4E22058E30600C9B015 = {
			isa = PBXGroup;
			children = (
				16BDA4ED2058E30700C9B015 /* ReportApp */,
				16BDA5022058E30700C9B015 /* ReportAppTests */,
				16BDA50D2058E30700C9B015 /* ReportAppUITests */,
				16BDA4EC2058E30700C9B015 /* Products */,
				C4C06EAABB07A3B082BC3FF7 /* Pods */,
				7B2574B0519681A7BBEB517B /* Frameworks */,
			);
			sourceTree = "<group>";
		};
		16BDA4EC2058E30700C9B015 /* Products */ = {
			isa = PBXGroup;
			children = (
				16BDA4EB2058E30700C9B015 /* ReportApp.app */,
				16BDA4FF2058E30700C9B015 /* ReportAppTests.xctest */,
				16BDA50A2058E30700C9B015 /* ReportAppUITests.xctest */,
			);
			name = Products;
			sourceTree = "<group>";
		};
		16BDA4ED2058E30700C9B015 /* ReportApp */ = {
			isa = PBXGroup;
			children = (
				16BDA4EE2058E30700C9B015 /* AppDelegate.swift */,
				16937FB220A014E8002489A8 /* Utils */,
				16F26EA52099763B0074E13B /* Service */,
				168A262E2085B0AA004582A6 /* Storyboards */,
				168A262D2085B089004582A6 /* Controllers */,
				16BDA4F52058E30700C9B015 /* Assets.xcassets */,
				16BDA4FA2058E30700C9B015 /* Info.plist */,
				1600A6A5205BAE2F003733F2 /* Cell.swift */,
			);
			path = ReportApp;
			sourceTree = "<group>";
		};
		16BDA5022058E30700C9B015 /* ReportAppTests */ = {
			isa = PBXGroup;
			children = (
				16BDA5032058E30700C9B015 /* ReportAppTests.swift */,
				16BDA5052058E30700C9B015 /* Info.plist */,
			);
			path = ReportAppTests;
			sourceTree = "<group>";
		};
		16BDA50D2058E30700C9B015 /* ReportAppUITests */ = {
			isa = PBXGroup;
			children = (
				16BDA50E2058E30700C9B015 /* ReportAppUITests.swift */,
				16BDA5102058E30700C9B015 /* Info.plist */,
			);
			path = ReportAppUITests;
			sourceTree = "<group>";
		};
		16F26EA52099763B0074E13B /* Service */ = {
			isa = PBXGroup;
			children = (
				16F26EA62099765B0074E13B /* WebService.swift */,
			);
			path = Service;
			sourceTree = "<group>";
		};
		7B2574B0519681A7BBEB517B /* Frameworks */ = {
			isa = PBXGroup;
			children = (
				4D146B2E437EB6DE447080B3 /* Pods_ReportApp.framework */,
				C60BF619509FA9ED5E45D63C /* Pods_ReportAppTests.framework */,
				73CCDE48AEA240B78142F038 /* Pods_ReportAppUITests.framework */,
			);
			name = Frameworks;
			sourceTree = "<group>";
		};
		C4C06EAABB07A3B082BC3FF7 /* Pods */ = {
			isa = PBXGroup;
			children = (
				75E4EFC46CA8E20A20E4D834 /* Pods-ReportApp.debug.xcconfig */,
				DB1E7101D28D372D6328538C /* Pods-ReportApp.release.xcconfig */,
				7AD0D089DF68D48B62BEA79C /* Pods-ReportAppTests.debug.xcconfig */,
				372512FDAD5ABDDA0EFDF2E7 /* Pods-ReportAppTests.release.xcconfig */,
				04DAF5122C9D819F5406D910 /* Pods-ReportAppUITests.debug.xcconfig */,
				CD2487CD4EB94C64A4C88DF0 /* Pods-ReportAppUITests.release.xcconfig */,
			);
			name = Pods;
			sourceTree = "<group>";
		};
/* End PBXGroup section */

/* Begin PBXNativeTarget section */
		16BDA4EA2058E30600C9B015 /* ReportApp */ = {
			isa = PBXNativeTarget;
			buildConfigurationList = 16BDA5132058E30700C9B015 /* Build configuration list for PBXNativeTarget "ReportApp" */;
			buildPhases = (
				AD20943315E3A3FB49F3656C /* [CP] Check Pods Manifest.lock */,
				16BDA4E72058E30600C9B015 /* Sources */,
				16BDA4E82058E30600C9B015 /* Frameworks */,
				16BDA4E92058E30600C9B015 /* Resources */,
				13489BF441AD535175A43F1C /* [CP] Embed Pods Frameworks */,
			);
			buildRules = (
			);
			dependencies = (
			);
			name = ReportApp;
			productName = ReportApp;
			productReference = 16BDA4EB2058E30700C9B015 /* ReportApp.app */;
			productType = "com.apple.product-type.application";
		};
		16BDA4FE2058E30700C9B015 /* ReportAppTests */ = {
			isa = PBXNativeTarget;
			buildConfigurationList = 16BDA5162058E30700C9B015 /* Build configuration list for PBXNativeTarget "ReportAppTests" */;
			buildPhases = (
				5CBCB815D5026A3F36ACD59D /* [CP] Check Pods Manifest.lock */,
				16BDA4FB2058E30700C9B015 /* Sources */,
				16BDA4FC2058E30700C9B015 /* Frameworks */,
				16BDA4FD2058E30700C9B015 /* Resources */,
			);
			buildRules = (
			);
			dependencies = (
				16BDA5012058E30700C9B015 /* PBXTargetDependency */,
			);
			name = ReportAppTests;
			productName = ReportAppTests;
			productReference = 16BDA4FF2058E30700C9B015 /* ReportAppTests.xctest */;
			productType = "com.apple.product-type.bundle.unit-test";
		};
		16BDA5092058E30700C9B015 /* ReportAppUITests */ = {
			isa = PBXNativeTarget;
			buildConfigurationList = 16BDA5192058E30700C9B015 /* Build configuration list for PBXNativeTarget "ReportAppUITests" */;
			buildPhases = (
				004243E4AA67FD46052DEEF6 /* [CP] Check Pods Manifest.lock */,
				16BDA5062058E30700C9B015 /* Sources */,
				16BDA5072058E30700C9B015 /* Frameworks */,
				16BDA5082058E30700C9B015 /* Resources */,
			);
			buildRules = (
			);
			dependencies = (
				16BDA50C2058E30700C9B015 /* PBXTargetDependency */,
			);
			name = ReportAppUITests;
			productName = ReportAppUITests;
			productReference = 16BDA50A2058E30700C9B015 /* ReportAppUITests.xctest */;
			productType = "com.apple.product-type.bundle.ui-testing";
		};
/* End PBXNativeTarget section */

/* Begin PBXProject section */
		16BDA4E32058E30600C9B015 /* Project object */ = {
			isa = PBXProject;
			attributes = {
				LastSwiftUpdateCheck = 0920;
				LastUpgradeCheck = 0940;
				ORGANIZATIONNAME = "Los Ponis";
				TargetAttributes = {
					16BDA4EA2058E30600C9B015 = {
						CreatedOnToolsVersion = 9.2;
						ProvisioningStyle = Automatic;
					};
					16BDA4FE2058E30700C9B015 = {
						CreatedOnToolsVersion = 9.2;
						ProvisioningStyle = Automatic;
						TestTargetID = 16BDA4EA2058E30600C9B015;
					};
					16BDA5092058E30700C9B015 = {
						CreatedOnToolsVersion = 9.2;
						ProvisioningStyle = Automatic;
						TestTargetID = 16BDA4EA2058E30600C9B015;
					};
				};
			};
			buildConfigurationList = 16BDA4E62058E30600C9B015 /* Build configuration list for PBXProject "ReportApp" */;
			compatibilityVersion = "Xcode 8.0";
			developmentRegion = en;
			hasScannedForEncodings = 0;
			knownRegions = (
				en,
				Base,
			);
			mainGroup = 16BDA4E22058E30600C9B015;
			productRefGroup = 16BDA4EC2058E30700C9B015 /* Products */;
			projectDirPath = "";
			projectRoot = "";
			targets = (
				16BDA4EA2058E30600C9B015 /* ReportApp */,
				16BDA4FE2058E30700C9B015 /* ReportAppTests */,
				16BDA5092058E30700C9B015 /* ReportAppUITests */,
			);
		};
/* End PBXProject section */

/* Begin PBXResourcesBuildPhase section */
		16BDA4E92058E30600C9B015 /* Resources */ = {
			isa = PBXResourcesBuildPhase;
			buildActionMask = 2147483647;
			files = (
				16BDA4F92058E30700C9B015 /* LaunchScreen.storyboard in Resources */,
				16BDA4F62058E30700C9B015 /* Assets.xcassets in Resources */,
				16BDA4F42058E30700C9B015 /* Main.storyboard in Resources */,
			);
			runOnlyForDeploymentPostprocessing = 0;
		};
		16BDA4FD2058E30700C9B015 /* Resources */ = {
			isa = PBXResourcesBuildPhase;
			buildActionMask = 2147483647;
			files = (
			);
			runOnlyForDeploymentPostprocessing = 0;
		};
		16BDA5082058E30700C9B015 /* Resources */ = {
			isa = PBXResourcesBuildPhase;
			buildActionMask = 2147483647;
			files = (
			);
			runOnlyForDeploymentPostprocessing = 0;
		};
/* End PBXResourcesBuildPhase section */

/* Begin PBXShellScriptBuildPhase section */
		004243E4AA67FD46052DEEF6 /* [CP] Check Pods Manifest.lock */ = {
			isa = PBXShellScriptBuildPhase;
			buildActionMask = 2147483647;
			files = (
			);
			inputPaths = (
				"${PODS_PODFILE_DIR_PATH}/Podfile.lock",
				"${PODS_ROOT}/Manifest.lock",
			);
			name = "[CP] Check Pods Manifest.lock";
			outputPaths = (
				"$(DERIVED_FILE_DIR)/Pods-ReportAppUITests-checkManifestLockResult.txt",
			);
			runOnlyForDeploymentPostprocessing = 0;
			shellPath = /bin/sh;
			shellScript = "diff \"${PODS_PODFILE_DIR_PATH}/Podfile.lock\" \"${PODS_ROOT}/Manifest.lock\" > /dev/null\nif [ $? != 0 ] ; then\n    # print error to STDERR\n    echo \"error: The sandbox is not in sync with the Podfile.lock. Run 'pod install' or update your CocoaPods installation.\" >&2\n    exit 1\nfi\n# This output is used by Xcode 'outputs' to avoid re-running this script phase.\necho \"SUCCESS\" > \"${SCRIPT_OUTPUT_FILE_0}\"\n";
			showEnvVarsInLog = 0;
		};
		13489BF441AD535175A43F1C /* [CP] Embed Pods Frameworks */ = {
			isa = PBXShellScriptBuildPhase;
			buildActionMask = 2147483647;
			files = (
			);
			inputPaths = (
				"${SRCROOT}/Pods/Target Support Files/Pods-ReportApp/Pods-ReportApp-frameworks.sh",
				"${BUILT_PRODUCTS_DIR}/Alamofire/Alamofire.framework",
				"${BUILT_PRODUCTS_DIR}/NumericPicker/NumericPicker.framework",
			);
			name = "[CP] Embed Pods Frameworks";
			outputPaths = (
				"${TARGET_BUILD_DIR}/${FRAMEWORKS_FOLDER_PATH}/Alamofire.framework",
				"${TARGET_BUILD_DIR}/${FRAMEWORKS_FOLDER_PATH}/NumericPicker.framework",
			);
			runOnlyForDeploymentPostprocessing = 0;
			shellPath = /bin/sh;
			shellScript = "\"${SRCROOT}/Pods/Target Support Files/Pods-ReportApp/Pods-ReportApp-frameworks.sh\"\n";
			showEnvVarsInLog = 0;
		};
		5CBCB815D5026A3F36ACD59D /* [CP] Check Pods Manifest.lock */ = {
			isa = PBXShellScriptBuildPhase;
			buildActionMask = 2147483647;
			files = (
			);
			inputPaths = (
				"${PODS_PODFILE_DIR_PATH}/Podfile.lock",
				"${PODS_ROOT}/Manifest.lock",
			);
			name = "[CP] Check Pods Manifest.lock";
			outputPaths = (
				"$(DERIVED_FILE_DIR)/Pods-ReportAppTests-checkManifestLockResult.txt",
			);
			runOnlyForDeploymentPostprocessing = 0;
			shellPath = /bin/sh;
			shellScript = "diff \"${PODS_PODFILE_DIR_PATH}/Podfile.lock\" \"${PODS_ROOT}/Manifest.lock\" > /dev/null\nif [ $? != 0 ] ; then\n    # print error to STDERR\n    echo \"error: The sandbox is not in sync with the Podfile.lock. Run 'pod install' or update your CocoaPods installation.\" >&2\n    exit 1\nfi\n# This output is used by Xcode 'outputs' to avoid re-running this script phase.\necho \"SUCCESS\" > \"${SCRIPT_OUTPUT_FILE_0}\"\n";
			showEnvVarsInLog = 0;
		};
		AD20943315E3A3FB49F3656C /* [CP] Check Pods Manifest.lock */ = {
			isa = PBXShellScriptBuildPhase;
			buildActionMask = 2147483647;
			files = (
			);
			inputPaths = (
				"${PODS_PODFILE_DIR_PATH}/Podfile.lock",
				"${PODS_ROOT}/Manifest.lock",
			);
			name = "[CP] Check Pods Manifest.lock";
			outputPaths = (
				"$(DERIVED_FILE_DIR)/Pods-ReportApp-checkManifestLockResult.txt",
			);
			runOnlyForDeploymentPostprocessing = 0;
			shellPath = /bin/sh;
			shellScript = "diff \"${PODS_PODFILE_DIR_PATH}/Podfile.lock\" \"${PODS_ROOT}/Manifest.lock\" > /dev/null\nif [ $? != 0 ] ; then\n    # print error to STDERR\n    echo \"error: The sandbox is not in sync with the Podfile.lock. Run 'pod install' or update your CocoaPods installation.\" >&2\n    exit 1\nfi\n# This output is used by Xcode 'outputs' to avoid re-running this script phase.\necho \"SUCCESS\" > \"${SCRIPT_OUTPUT_FILE_0}\"\n";
			showEnvVarsInLog = 0;
		};
/* End PBXShellScriptBuildPhase section */

/* Begin PBXSourcesBuildPhase section */
		16BDA4E72058E30600C9B015 /* Sources */ = {
			isa = PBXSourcesBuildPhase;
			buildActionMask = 2147483647;
			files = (
				16BDA4F12058E30700C9B015 /* MainViewController.swift in Sources */,
				1676C2FD20A18B8100D1E90D /* Extensions.swift in Sources */,
				16CD1DEE20A1F15900509764 /* Structs.swift in Sources */,
				167DD24620C6CF10001A96E4 /* Navigator.swift in Sources */,
				16BDA4EF2058E30700C9B015 /* AppDelegate.swift in Sources */,
				16F26EA72099765B0074E13B /* WebService.swift in Sources */,
				1600A6A6205BAE30003733F2 /* Cell.swift in Sources */,
				16937FB420A01509002489A8 /* Geolocalization.swift in Sources */,
				16DB107F20DD5C210003C8F5 /* SettingsViewController.swift in Sources */,
				168A26322085BDB2004582A6 /* CreateAccountController.swift in Sources */,
				1696B6BE20EBCEB90024FFF7 /* MessageViewController.swift in Sources */,
				167DEA2D20C503C5005F7591 /* CommentViewController.swift in Sources */,
				168A26302085B3BA004582A6 /* LoginViewController.swift in Sources */,
				1600A6A8205BAE4A003733F2 /* TableViewController.swift in Sources */,
				16DB107D20DD32630003C8F5 /* FakeSplashViewController.swift in Sources */,
				1672DC1420A9509300A6BEA6 /* CameraManager.swift in Sources */,
			);
			runOnlyForDeploymentPostprocessing = 0;
		};
		16BDA4FB2058E30700C9B015 /* Sources */ = {
			isa = PBXSourcesBuildPhase;
			buildActionMask = 2147483647;
			files = (
				16BDA5042058E30700C9B015 /* ReportAppTests.swift in Sources */,
			);
			runOnlyForDeploymentPostprocessing = 0;
		};
		16BDA5062058E30700C9B015 /* Sources */ = {
			isa = PBXSourcesBuildPhase;
			buildActionMask = 2147483647;
			files = (
				16BDA50F2058E30700C9B015 /* ReportAppUITests.swift in Sources */,
			);
			runOnlyForDeploymentPostprocessing = 0;
		};
/* End PBXSourcesBuildPhase section */

/* Begin PBXTargetDependency section */
		16BDA5012058E30700C9B015 /* PBXTargetDependency */ = {
			isa = PBXTargetDependency;
			target = 16BDA4EA2058E30600C9B015 /* ReportApp */;
			targetProxy = 16BDA5002058E30700C9B015 /* PBXContainerItemProxy */;
		};
		16BDA50C2058E30700C9B015 /* PBXTargetDependency */ = {
			isa = PBXTargetDependency;
			target = 16BDA4EA2058E30600C9B015 /* ReportApp */;
			targetProxy = 16BDA50B2058E30700C9B015 /* PBXContainerItemProxy */;
		};
/* End PBXTargetDependency section */

/* Begin PBXVariantGroup section */
		16BDA4F22058E30700C9B015 /* Main.storyboard */ = {
			isa = PBXVariantGroup;
			children = (
				16BDA4F32058E30700C9B015 /* Base */,
			);
			name = Main.storyboard;
			sourceTree = "<group>";
		};
		16BDA4F72058E30700C9B015 /* LaunchScreen.storyboard */ = {
			isa = PBXVariantGroup;
			children = (
				16BDA4F82058E30700C9B015 /* Base */,
			);
			name = LaunchScreen.storyboard;
			sourceTree = "<group>";
		};
/* End PBXVariantGroup section */

/* Begin XCBuildConfiguration section */
		16BDA5112058E30700C9B015 /* Debug */ = {
			isa = XCBuildConfiguration;
			buildSettings = {
				ALWAYS_SEARCH_USER_PATHS = NO;
				CLANG_ANALYZER_NONNULL = YES;
				CLANG_ANALYZER_NUMBER_OBJECT_CONVERSION = YES_AGGRESSIVE;
				CLANG_CXX_LANGUAGE_STANDARD = "gnu++14";
				CLANG_CXX_LIBRARY = "libc++";
				CLANG_ENABLE_MODULES = YES;
				CLANG_ENABLE_OBJC_ARC = YES;
				CLANG_WARN_BLOCK_CAPTURE_AUTORELEASING = YES;
				CLANG_WARN_BOOL_CONVERSION = YES;
				CLANG_WARN_COMMA = YES;
				CLANG_WARN_CONSTANT_CONVERSION = YES;
				CLANG_WARN_DEPRECATED_OBJC_IMPLEMENTATIONS = YES;
				CLANG_WARN_DIRECT_OBJC_ISA_USAGE = YES_ERROR;
				CLANG_WARN_DOCUMENTATION_COMMENTS = YES;
				CLANG_WARN_EMPTY_BODY = YES;
				CLANG_WARN_ENUM_CONVERSION = YES;
				CLANG_WARN_INFINITE_RECURSION = YES;
				CLANG_WARN_INT_CONVERSION = YES;
				CLANG_WARN_NON_LITERAL_NULL_CONVERSION = YES;
				CLANG_WARN_OBJC_IMPLICIT_RETAIN_SELF = YES;
				CLANG_WARN_OBJC_LITERAL_CONVERSION = YES;
				CLANG_WARN_OBJC_ROOT_CLASS = YES_ERROR;
				CLANG_WARN_RANGE_LOOP_ANALYSIS = YES;
				CLANG_WARN_STRICT_PROTOTYPES = YES;
				CLANG_WARN_SUSPICIOUS_MOVE = YES;
				CLANG_WARN_UNGUARDED_AVAILABILITY = YES_AGGRESSIVE;
				CLANG_WARN_UNREACHABLE_CODE = YES;
				CLANG_WARN__DUPLICATE_METHOD_MATCH = YES;
				CODE_SIGN_IDENTITY = "iPhone Developer";
				COPY_PHASE_STRIP = NO;
				DEBUG_INFORMATION_FORMAT = dwarf;
				ENABLE_STRICT_OBJC_MSGSEND = YES;
				ENABLE_TESTABILITY = YES;
				GCC_C_LANGUAGE_STANDARD = gnu11;
				GCC_DYNAMIC_NO_PIC = NO;
				GCC_NO_COMMON_BLOCKS = YES;
				GCC_OPTIMIZATION_LEVEL = 0;
				GCC_PREPROCESSOR_DEFINITIONS = (
					"DEBUG=1",
					"$(inherited)",
				);
				GCC_WARN_64_TO_32_BIT_CONVERSION = YES;
				GCC_WARN_ABOUT_RETURN_TYPE = YES_ERROR;
				GCC_WARN_UNDECLARED_SELECTOR = YES;
				GCC_WARN_UNINITIALIZED_AUTOS = YES_AGGRESSIVE;
				GCC_WARN_UNUSED_FUNCTION = YES;
				GCC_WARN_UNUSED_VARIABLE = YES;
				IPHONEOS_DEPLOYMENT_TARGET = 11.2;
				MTL_ENABLE_DEBUG_INFO = YES;
				ONLY_ACTIVE_ARCH = YES;
				SDKROOT = iphoneos;
				SWIFT_ACTIVE_COMPILATION_CONDITIONS = DEBUG;
				SWIFT_OPTIMIZATION_LEVEL = "-Onone";
			};
			name = Debug;
		};
		16BDA5122058E30700C9B015 /* Release */ = {
			isa = XCBuildConfiguration;
			buildSettings = {
				ALWAYS_SEARCH_USER_PATHS = NO;
				CLANG_ANALYZER_NONNULL = YES;
				CLANG_ANALYZER_NUMBER_OBJECT_CONVERSION = YES_AGGRESSIVE;
				CLANG_CXX_LANGUAGE_STANDARD = "gnu++14";
				CLANG_CXX_LIBRARY = "libc++";
				CLANG_ENABLE_MODULES = YES;
				CLANG_ENABLE_OBJC_ARC = YES;
				CLANG_WARN_BLOCK_CAPTURE_AUTORELEASING = YES;
				CLANG_WARN_BOOL_CONVERSION = YES;
				CLANG_WARN_COMMA = YES;
				CLANG_WARN_CONSTANT_CONVERSION = YES;
				CLANG_WARN_DEPRECATED_OBJC_IMPLEMENTATIONS = YES;
				CLANG_WARN_DIRECT_OBJC_ISA_USAGE = YES_ERROR;
				CLANG_WARN_DOCUMENTATION_COMMENTS = YES;
				CLANG_WARN_EMPTY_BODY = YES;
				CLANG_WARN_ENUM_CONVERSION = YES;
				CLANG_WARN_INFINITE_RECURSION = YES;
				CLANG_WARN_INT_CONVERSION = YES;
				CLANG_WARN_NON_LITERAL_NULL_CONVERSION = YES;
				CLANG_WARN_OBJC_IMPLICIT_RETAIN_SELF = YES;
				CLANG_WARN_OBJC_LITERAL_CONVERSION = YES;
				CLANG_WARN_OBJC_ROOT_CLASS = YES_ERROR;
				CLANG_WARN_RANGE_LOOP_ANALYSIS = YES;
				CLANG_WARN_STRICT_PROTOTYPES = YES;
				CLANG_WARN_SUSPICIOUS_MOVE = YES;
				CLANG_WARN_UNGUARDED_AVAILABILITY = YES_AGGRESSIVE;
				CLANG_WARN_UNREACHABLE_CODE = YES;
				CLANG_WARN__DUPLICATE_METHOD_MATCH = YES;
				CODE_SIGN_IDENTITY = "iPhone Developer";
				COPY_PHASE_STRIP = NO;
				DEBUG_INFORMATION_FORMAT = "dwarf-with-dsym";
				ENABLE_NS_ASSERTIONS = NO;
				ENABLE_STRICT_OBJC_MSGSEND = YES;
				GCC_C_LANGUAGE_STANDARD = gnu11;
				GCC_NO_COMMON_BLOCKS = YES;
				GCC_WARN_64_TO_32_BIT_CONVERSION = YES;
				GCC_WARN_ABOUT_RETURN_TYPE = YES_ERROR;
				GCC_WARN_UNDECLARED_SELECTOR = YES;
				GCC_WARN_UNINITIALIZED_AUTOS = YES_AGGRESSIVE;
				GCC_WARN_UNUSED_FUNCTION = YES;
				GCC_WARN_UNUSED_VARIABLE = YES;
				IPHONEOS_DEPLOYMENT_TARGET = 11.2;
				MTL_ENABLE_DEBUG_INFO = NO;
				SDKROOT = iphoneos;
				SWIFT_OPTIMIZATION_LEVEL = "-Owholemodule";
				VALIDATE_PRODUCT = YES;
			};
			name = Release;
		};
		16BDA5142058E30700C9B015 /* Debug */ = {
			isa = XCBuildConfiguration;
			baseConfigurationReference = 75E4EFC46CA8E20A20E4D834 /* Pods-ReportApp.debug.xcconfig */;
			buildSettings = {
				ASSETCATALOG_COMPILER_APPICON_NAME = AppIcon;
				CODE_SIGN_STYLE = Automatic;
				DEVELOPMENT_TEAM = 446N8VS944;
				INFOPLIST_FILE = ReportApp/Info.plist;
				LD_RUNPATH_SEARCH_PATHS = "$(inherited) @executable_path/Frameworks";
				PRODUCT_BUNDLE_IDENTIFIER = com.losponis.ReportApp;
				PRODUCT_NAME = "$(TARGET_NAME)";
				SWIFT_VERSION = 4.0;
				TARGETED_DEVICE_FAMILY = "1,2";
			};
			name = Debug;
		};
		16BDA5152058E30700C9B015 /* Release */ = {
			isa = XCBuildConfiguration;
			baseConfigurationReference = DB1E7101D28D372D6328538C /* Pods-ReportApp.release.xcconfig */;
			buildSettings = {
				ASSETCATALOG_COMPILER_APPICON_NAME = AppIcon;
				CODE_SIGN_STYLE = Automatic;
				DEVELOPMENT_TEAM = 446N8VS944;
				INFOPLIST_FILE = ReportApp/Info.plist;
				LD_RUNPATH_SEARCH_PATHS = "$(inherited) @executable_path/Frameworks";
				PRODUCT_BUNDLE_IDENTIFIER = com.losponis.ReportApp;
				PRODUCT_NAME = "$(TARGET_NAME)";
				SWIFT_VERSION = 4.0;
				TARGETED_DEVICE_FAMILY = "1,2";
			};
			name = Release;
		};
		16BDA5172058E30700C9B015 /* Debug */ = {
			isa = XCBuildConfiguration;
			baseConfigurationReference = 7AD0D089DF68D48B62BEA79C /* Pods-ReportAppTests.debug.xcconfig */;
			buildSettings = {
				ALWAYS_EMBED_SWIFT_STANDARD_LIBRARIES = YES;
				BUNDLE_LOADER = "$(TEST_HOST)";
				CODE_SIGN_STYLE = Automatic;
				INFOPLIST_FILE = ReportAppTests/Info.plist;
				LD_RUNPATH_SEARCH_PATHS = "$(inherited) @executable_path/Frameworks @loader_path/Frameworks";
				PRODUCT_BUNDLE_IDENTIFIER = com.losponis.ReportAppTests;
				PRODUCT_NAME = "$(TARGET_NAME)";
				SWIFT_VERSION = 4.0;
				TARGETED_DEVICE_FAMILY = "1,2";
				TEST_HOST = "$(BUILT_PRODUCTS_DIR)/ReportApp.app/ReportApp";
			};
			name = Debug;
		};
		16BDA5182058E30700C9B015 /* Release */ = {
			isa = XCBuildConfiguration;
			baseConfigurationReference = 372512FDAD5ABDDA0EFDF2E7 /* Pods-ReportAppTests.release.xcconfig */;
			buildSettings = {
				ALWAYS_EMBED_SWIFT_STANDARD_LIBRARIES = YES;
				BUNDLE_LOADER = "$(TEST_HOST)";
				CODE_SIGN_STYLE = Automatic;
				INFOPLIST_FILE = ReportAppTests/Info.plist;
				LD_RUNPATH_SEARCH_PATHS = "$(inherited) @executable_path/Frameworks @loader_path/Frameworks";
				PRODUCT_BUNDLE_IDENTIFIER = com.losponis.ReportAppTests;
				PRODUCT_NAME = "$(TARGET_NAME)";
				SWIFT_VERSION = 4.0;
				TARGETED_DEVICE_FAMILY = "1,2";
				TEST_HOST = "$(BUILT_PRODUCTS_DIR)/ReportApp.app/ReportApp";
			};
			name = Release;
		};
		16BDA51A2058E30700C9B015 /* Debug */ = {
			isa = XCBuildConfiguration;
			baseConfigurationReference = 04DAF5122C9D819F5406D910 /* Pods-ReportAppUITests.debug.xcconfig */;
			buildSettings = {
				ALWAYS_EMBED_SWIFT_STANDARD_LIBRARIES = YES;
				CODE_SIGN_STYLE = Automatic;
				INFOPLIST_FILE = ReportAppUITests/Info.plist;
				LD_RUNPATH_SEARCH_PATHS = "$(inherited) @executable_path/Frameworks @loader_path/Frameworks";
				PRODUCT_BUNDLE_IDENTIFIER = com.losponis.ReportAppUITests;
				PRODUCT_NAME = "$(TARGET_NAME)";
				SWIFT_VERSION = 4.0;
				TARGETED_DEVICE_FAMILY = "1,2";
				TEST_TARGET_NAME = ReportApp;
			};
			name = Debug;
		};
		16BDA51B2058E30700C9B015 /* Release */ = {
			isa = XCBuildConfiguration;
			baseConfigurationReference = CD2487CD4EB94C64A4C88DF0 /* Pods-ReportAppUITests.release.xcconfig */;
			buildSettings = {
				ALWAYS_EMBED_SWIFT_STANDARD_LIBRARIES = YES;
				CODE_SIGN_STYLE = Automatic;
				INFOPLIST_FILE = ReportAppUITests/Info.plist;
				LD_RUNPATH_SEARCH_PATHS = "$(inherited) @executable_path/Frameworks @loader_path/Frameworks";
				PRODUCT_BUNDLE_IDENTIFIER = com.losponis.ReportAppUITests;
				PRODUCT_NAME = "$(TARGET_NAME)";
				SWIFT_VERSION = 4.0;
				TARGETED_DEVICE_FAMILY = "1,2";
				TEST_TARGET_NAME = ReportApp;
			};
			name = Release;
		};
/* End XCBuildConfiguration section */

/* Begin XCConfigurationList section */
		16BDA4E62058E30600C9B015 /* Build configuration list for PBXProject "ReportApp" */ = {
			isa = XCConfigurationList;
			buildConfigurations = (
				16BDA5112058E30700C9B015 /* Debug */,
				16BDA5122058E30700C9B015 /* Release */,
			);
			defaultConfigurationIsVisible = 0;
			defaultConfigurationName = Release;
		};
		16BDA5132058E30700C9B015 /* Build configuration list for PBXNativeTarget "ReportApp" */ = {
			isa = XCConfigurationList;
			buildConfigurations = (
				16BDA5142058E30700C9B015 /* Debug */,
				16BDA5152058E30700C9B015 /* Release */,
			);
			defaultConfigurationIsVisible = 0;
			defaultConfigurationName = Release;
		};
		16BDA5162058E30700C9B015 /* Build configuration list for PBXNativeTarget "ReportAppTests" */ = {
			isa = XCConfigurationList;
			buildConfigurations = (
				16BDA5172058E30700C9B015 /* Debug */,
				16BDA5182058E30700C9B015 /* Release */,
			);
			defaultConfigurationIsVisible = 0;
			defaultConfigurationName = Release;
		};
		16BDA5192058E30700C9B015 /* Build configuration list for PBXNativeTarget "ReportAppUITests" */ = {
			isa = XCConfigurationList;
			buildConfigurations = (
				16BDA51A2058E30700C9B015 /* Debug */,
				16BDA51B2058E30700C9B015 /* Release */,
			);
			defaultConfigurationIsVisible = 0;
			defaultConfigurationName = Release;
		};
/* End XCConfigurationList section */
	};
	rootObject = 16BDA4E32058E30600C9B015 /* Project object */;
}
